
Microsoft Visual Studio Solution File, Format Version 12.00
# Visual Studio Version 16
VisualStudioVersion = 16.0.29326.143
MinimumVisualStudioVersion = 10.0.40219.1
Project("{FAE04EC0-301F-11D3-BF4B-00C04F79EFBC}") = "prob3", "prob3.csproj", "{BA2B4FC3-CBD1-4626-A80B-654E0E05D25B}"
EndProject
Project("{FAE04EC0-301F-11D3-BF4B-00C04F79EFBC}") = "Prob4", "..\Prob4\Prob4.csproj", "{626B7E54-949A-47A5-B2E9-DBA19EBACB82}"
EndProject
Project("{FAE04EC0-301F-11D3-BF4B-00C04F79EFBC}") = "Prob5", "..\Prob5\Prob5.csproj", "{6305BD47-7F46-4609-AAC1-A8D46E5ABC73}"
EndProject
Global
	GlobalSection(SolutionConfigurationPlatforms) = preSolution
		Debug|Any CPU = Debug|Any CPU
		Release|Any CPU = Release|Any CPU
	EndGlobalSection
	GlobalSection(ProjectConfigurationPlatforms) = postSolution
		{BA2B4FC3-CBD1-4626-A80B-654E0E05D25B}.Debug|Any CPU.ActiveCfg = Debug|Any CPU
		{BA2B4FC3-CBD1-4626-A80B-654E0E05D25B}.Debug|Any CPU.Build.0 = Debug|Any CPU
		{BA2B4FC3-CBD1-4626-A80B-654E0E05D25B}.Release|Any CPU.ActiveCfg = Release|Any CPU
		{BA2B4FC3-CBD1-4626-A80B-654E0E05D25B}.Release|Any CPU.Build.0 = Release|Any CPU
		{626B7E54-949A-47A5-B2E9-DBA19EBACB82}.Debug|Any CPU.ActiveCfg = Debug|Any CPU
		{626B7E54-949A-47A5-B2E9-DBA19EBACB82}.Debug|Any CPU.Build.0 = Debug|Any CPU
		{626B7E54-949A-47A5-B2E9-DBA19EBACB82}.Release|Any CPU.ActiveCfg = Release|Any CPU
		{626B7E54-949A-47A5-B2E9-DBA19EBACB82}.Release|Any CPU.Build.0 = Release|Any CPU
		{6305BD47-7F46-4609-AAC1-A8D46E5ABC73}.Debug|Any CPU.ActiveCfg = Debug|Any CPU
		{6305BD47-7F46-4609-AAC1-A8D46E5ABC73}.Debug|Any CPU.Build.0 = Debug|Any CPU
		{6305BD47-7F46-4609-AAC1-A8D46E5ABC73}.Release|Any CPU.ActiveCfg = Release|Any CPU
		{6305BD47-7F46-4609-AAC1-A8D46E5ABC73}.Release|Any CPU.Build.0 = Release|Any CPU
	EndGlobalSection
	GlobalSection(SolutionProperties) = preSolution
		HideSolutionNode = FALSE
	EndGlobalSection
	GlobalSection(ExtensibilityGlobals) = postSolution
		SolutionGuid = {811105C7-8E9F-4CFB-BA0B-2EB1AE2E9ED4}
	EndGlobalSection
EndGlobal
